<?xml version="1.0" encoding="utf-8"?>
<Project ToolsVersion="4.0" xmlns="http://schemas.microsoft.com/developer/msbuild/2003">
  <ItemGroup>
    <ClCompile Include="src\Main.cpp" />
    <ClCompile Include="src\SplashScreenScene.cpp">
      <Filter>Scenes</Filter>
    </ClCompile>
    <ClCompile Include="src\InitializationScene.cpp">
      <Filter>Scenes</Filter>
    </ClCompile>
    <ClCompile Include="src\GamerService.cpp">
      <Filter>GamerServices</Filter>
    </ClCompile>
    <ClCompile Include="src\PlatformClient.cpp">
      <Filter>GamerServices</Filter>
    </ClCompile>
    <ClCompile Include="src\StateMachine.cpp">
      <Filter>Util</Filter>
    </ClCompile>
    <ClCompile Include="src\Localization.cpp">
      <Filter>Util</Filter>
    </ClCompile>
    <ClCompile Include="src\EventSystem.cpp">
      <Filter>Components\Event</Filter>
    </ClCompile>
    <ClCompile Include="src\Factory.cpp">
      <Filter>Util</Filter>
    </ClCompile>
    <ClCompile Include="src\Logging.cpp">
      <Filter>Util</Filter>
    </ClCompile>
    <ClCompile Include="src\AppCommands.cpp">
      <Filter>Util</Filter>
    </ClCompile>
    <ClCompile Include="src\Unit.cpp">
      <Filter>Components\Game</Filter>
    </ClCompile>
    <ClCompile Include="src\DebugGameScene.cpp">
      <Filter>Scenes</Filter>
    </ClCompile>
    <ClCompile Include="src\CameraController.cpp">
      <Filter>Components\CameraController</Filter>
    </ClCompile>
    <ClCompile Include="src\SelectableEntity.cpp">
      <Filter>Components\Game\Selectable</Filter>
    </ClCompile>
    <ClCompile Include="src\Ability.cpp">
      <Filter>Components\Game\Ability</Filter>
    </ClCompile>
    <ClCompile Include="src\Building.cpp">
      <Filter>Components\Game</Filter>
    </ClCompile>
    <ClCompile Include="src\AbilitiesDataMap.cpp">
      <Filter>Components\Game\Ability</Filter>
    </ClCompile>
    <ClCompile Include="src\StatusEffectsDataMap.cpp">
      <Filter>Components\Game\Status</Filter>
    </ClCompile>
    <ClCompile Include="src\TurnStepMngr.cpp">
      <Filter>Components\Game</Filter>
    </ClCompile>
    <ClCompile Include="src\NetCommMngr.cpp">
      <Filter>Components\Game</Filter>
    </ClCompile>
  </ItemGroup>
  <ItemGroup>
    <ClInclude Include="src\Main.h" />
    <ClInclude Include="src\SplashScreenScene.h">
      <Filter>Scenes</Filter>
    </ClInclude>
    <ClInclude Include="src\InitializationScene.h">
      <Filter>Scenes</Filter>
    </ClInclude>
    <ClInclude Include="src\GamerService.h">
      <Filter>GamerServices</Filter>
    </ClInclude>
    <ClInclude Include="src\PlatformClient.h">
      <Filter>GamerServices</Filter>
    </ClInclude>
    <ClInclude Include="src\StateMachine.h">
      <Filter>Util</Filter>
    </ClInclude>
    <ClInclude Include="src\Localization.h">
      <Filter>Util</Filter>
    </ClInclude>
    <ClInclude Include="src\EventSystem.h">
      <Filter>Components\Event</Filter>
    </ClInclude>
    <ClInclude Include="src\Observable.h">
      <Filter>Components\NetObserver</Filter>
    </ClInclude>
    <ClInclude Include="src\Observer.h">
      <Filter>Components\NetObserver</Filter>
    </ClInclude>
    <ClInclude Include="src\Unit.h">
      <Filter>Components\Game</Filter>
    </ClInclude>
    <ClInclude Include="src\Factory.h">
      <Filter>Util</Filter>
    </ClInclude>
    <ClInclude Include="src\AppCommands.h">
      <Filter>Util</Filter>
    </ClInclude>
    <ClInclude Include="src\Logging.h">
      <Filter>Util</Filter>
    </ClInclude>
    <ClInclude Include="src\DebugGameScene.h">
      <Filter>Scenes</Filter>
    </ClInclude>
    <ClInclude Include="src\SceneCommon.h">
      <Filter>Scenes</Filter>
    </ClInclude>
    <ClInclude Include="src\ComponentCommon.h">
      <Filter>Components</Filter>
    </ClInclude>
    <ClInclude Include="src\CameraController.h">
      <Filter>Components\CameraController</Filter>
    </ClInclude>
    <ClInclude Include="src\CustomRenderer.h">
      <Filter>Util</Filter>
    </ClInclude>
    <ClInclude Include="src\CommonDefines.h">
      <Filter>Util</Filter>
    </ClInclude>
    <ClInclude Include="src\SelectableUnit.h">
      <Filter>Components\Game\Selectable</Filter>
    </ClInclude>
    <ClInclude Include="src\SelectableEntity.h">
      <Filter>Components\Game\Selectable</Filter>
    </ClInclude>
    <ClInclude Include="src\SelectableBuilding.h">
      <Filter>Components\Game\Selectable</Filter>
    </ClInclude>
    <ClInclude Include="src\TrainAbility.h">
      <Filter>Components\Game\Ability\ActiveAbility</Filter>
    </ClInclude>
    <ClInclude Include="src\RestAbility.h">
      <Filter>Components\Game\Ability\ActiveAbility</Filter>
    </ClInclude>
    <ClInclude Include="src\DefendAbility.h">
      <Filter>Components\Game\Ability\ActiveAbility</Filter>
    </ClInclude>
    <ClInclude Include="src\BuildAbility.h">
      <Filter>Components\Game\Ability\ActiveAbility</Filter>
    </ClInclude>
    <ClInclude Include="src\AttackAbility.h">
      <Filter>Components\Game\Ability\ActiveAbility</Filter>
    </ClInclude>
    <ClInclude Include="src\Ability.h">
      <Filter>Components\Game\Ability</Filter>
    </ClInclude>
    <ClInclude Include="src\Building.h">
      <Filter>Components\Game</Filter>
    </ClInclude>
    <ClInclude Include="src\Status.h">
      <Filter>Components\Game\Status</Filter>
    </ClInclude>
    <ClInclude Include="src\AbilitiesDataMap.h">
      <Filter>Components\Game\Ability</Filter>
    </ClInclude>
    <ClInclude Include="src\StatusEffectsDataMap.h">
      <Filter>Components\Game\Status</Filter>
    </ClInclude>
    <ClInclude Include="src\TurnStepMngr.h">
      <Filter>Components\Game</Filter>
    </ClInclude>
    <ClInclude Include="src\NetCommMngr.h">
      <Filter>Components\Game</Filter>
    </ClInclude>
  </ItemGroup>
  <ItemGroup>
    <Filter Include="Scenes">
      <UniqueIdentifier>{ee02cbda-efe3-4ba6-9c77-097a45e51a46}</UniqueIdentifier>
    </Filter>
    <Filter Include="Components">
      <UniqueIdentifier>{a41ae596-2e0e-45b1-992e-5bf1770aa85c}</UniqueIdentifier>
    </Filter>
    <Filter Include="GamerServices">
      <UniqueIdentifier>{6e01cdb3-4281-4df1-be75-b26582a0d7e6}</UniqueIdentifier>
    </Filter>
    <Filter Include="Util">
      <UniqueIdentifier>{3076a31f-79f2-44d8-9910-a2d7d146c7ea}</UniqueIdentifier>
    </Filter>
    <Filter Include="Components\Event">
      <UniqueIdentifier>{4e70503b-c975-4329-bb7d-ac821a4abe74}</UniqueIdentifier>
    </Filter>
    <Filter Include="Components\NetObserver">
      <UniqueIdentifier>{4cc4899e-894f-487c-9b43-087d8a8a828a}</UniqueIdentifier>
    </Filter>
    <Filter Include="Components\Game">
      <UniqueIdentifier>{cd276cc7-d536-4cec-a3e0-e73665ac72b4}</UniqueIdentifier>
    </Filter>
    <Filter Include="Components\CameraController">
      <UniqueIdentifier>{022a1917-667c-4c65-8d73-b47e850af0e9}</UniqueIdentifier>
    </Filter>
    <Filter Include="Components\Game\Selectable">
      <UniqueIdentifier>{228b4141-a259-4417-8e8a-6e6df4dfc502}</UniqueIdentifier>
    </Filter>
    <Filter Include="Components\Game\Ability">
      <UniqueIdentifier>{4fe85d52-7356-4f1b-9f63-ca9d66fb9b5c}</UniqueIdentifier>
    </Filter>
    <Filter Include="Components\Game\Ability\ActiveAbility">
      <UniqueIdentifier>{5ec64003-e9b4-4f20-bf99-3ef37b9b7a21}</UniqueIdentifier>
    </Filter>
    <Filter Include="Components\Game\Status">
      <UniqueIdentifier>{e45be3cc-30b9-4030-8dd8-07c7cc1bce85}</UniqueIdentifier>
    </Filter>
  </ItemGroup>
</Project>